// !$*UTF8*$!
{
	archiveVersion = 1;
	classes = {
	};
	objectVersion = 56;
	objects = {

/* Begin PBXBuildFile section */
		E041E3472D41A85300EF4588 /* ProofGeneratorView.swift in Sources */ = {isa = PBXBuildFile; fileRef = E041E3452D41A85300EF4588 /* ProofGeneratorView.swift */; };
		E041E3482D41A85300EF4588 /* PlutoButton.swift in Sources */ = {isa = PBXBuildFile; fileRef = E041E3442D41A85300EF4588 /* PlutoButton.swift */; };
		E041E3492D41A85300EF4588 /* SampleData.swift in Sources */ = {isa = PBXBuildFile; fileRef = E041E3462D41A85300EF4588 /* SampleData.swift */; };
		E041E34A2D41A85300EF4588 /* BrowserProofView.swift in Sources */ = {isa = PBXBuildFile; fileRef = E041E3432D41A85300EF4588 /* BrowserProofView.swift */; };
		E048F6572D481E5500B96498 /* PlutoProver.xcframework in Frameworks */ = {isa = PBXBuildFile; fileRef = E048F6562D481E5500B96498 /* PlutoProver.xcframework */; };
		E04E17972D122AA1006DBB0B /* PlutoSwiftSDK.framework in Frameworks */ = {isa = PBXBuildFile; fileRef = E09694222D0CFA9C00A65712 /* PlutoSwiftSDK.framework */; };
		E04E179D2D122AB0006DBB0B /* ManifestParserTests.swift in Sources */ = {isa = PBXBuildFile; fileRef = E04E178D2D122A3D006DBB0B /* ManifestParserTests.swift */; };
		E06A11032D35B47800AE0F57 /* PlutoSwiftSDK-Bridging-Header.h in Headers */ = {isa = PBXBuildFile; fileRef = E06A11022D35B47800AE0F57 /* PlutoSwiftSDK-Bridging-Header.h */; };
		E082C9802D37253900564C89 /* Injector.swift in Sources */ = {isa = PBXBuildFile; fileRef = E082C97F2D37253900564C89 /* Injector.swift */; };
		E082C9822D38465500564C89 /* RequestBuilder.swift in Sources */ = {isa = PBXBuildFile; fileRef = E082C9812D38465500564C89 /* RequestBuilder.swift */; };
		E09694272D0CFA9C00A65712 /* PlutoSwiftSDK.docc in Sources */ = {isa = PBXBuildFile; fileRef = E09694262D0CFA9C00A65712 /* PlutoSwiftSDK.docc */; };
		E09694332D0CFA9C00A65712 /* PlutoSwiftSDK.h in Headers */ = {isa = PBXBuildFile; fileRef = E09694252D0CFA9C00A65712 /* PlutoSwiftSDK.h */; settings = {ATTRIBUTES = (Public, ); }; };
		E0B618472D14B9CE00355AA4 /* ProverTests.swift in Sources */ = {isa = PBXBuildFile; fileRef = E0B618462D14B9CE00355AA4 /* ProverTests.swift */; };
		E0B618492D14C20200355AA4 /* PlutoSwiftSDKTests.swift in Sources */ = {isa = PBXBuildFile; fileRef = E0B618482D14C20200355AA4 /* PlutoSwiftSDKTests.swift */; };
		E0B6184B2D14C45100355AA4 /* ManifestTestFactory.swift in Sources */ = {isa = PBXBuildFile; fileRef = E0B6184A2D14C45100355AA4 /* ManifestTestFactory.swift */; };
		E0BF04EB2D1217DA00AB3BFB /* AppDelegate.swift in Sources */ = {isa = PBXBuildFile; fileRef = E0BF04EA2D1217DA00AB3BFB /* AppDelegate.swift */; };
		E0BF04ED2D1217DA00AB3BFB /* SceneDelegate.swift in Sources */ = {isa = PBXBuildFile; fileRef = E0BF04EC2D1217DA00AB3BFB /* SceneDelegate.swift */; };
		E0BF04EF2D1217DA00AB3BFB /* ViewController.swift in Sources */ = {isa = PBXBuildFile; fileRef = E0BF04EE2D1217DA00AB3BFB /* ViewController.swift */; };
		E0BF04F22D1217DA00AB3BFB /* Main.storyboard in Resources */ = {isa = PBXBuildFile; fileRef = E0BF04F02D1217DA00AB3BFB /* Main.storyboard */; };
		E0BF04F42D1217DB00AB3BFB /* Assets.xcassets in Resources */ = {isa = PBXBuildFile; fileRef = E0BF04F32D1217DB00AB3BFB /* Assets.xcassets */; };
		E0BF04F72D1217DB00AB3BFB /* LaunchScreen.storyboard in Resources */ = {isa = PBXBuildFile; fileRef = E0BF04F52D1217DB00AB3BFB /* LaunchScreen.storyboard */; };
		E0BF04FD2D121CD500AB3BFB /* PlutoSwiftSDK.framework in Frameworks */ = {isa = PBXBuildFile; fileRef = E09694222D0CFA9C00A65712 /* PlutoSwiftSDK.framework */; };
		E0BF04FE2D121CD500AB3BFB /* PlutoSwiftSDK.framework in Embed Frameworks */ = {isa = PBXBuildFile; fileRef = E09694222D0CFA9C00A65712 /* PlutoSwiftSDK.framework */; settings = {ATTRIBUTES = (CodeSignOnCopy, RemoveHeadersOnCopy, ); }; };
		E0BF05052D121DBA00AB3BFB /* PlutoSwiftSDK.swift in Sources */ = {isa = PBXBuildFile; fileRef = E0BF05032D121DBA00AB3BFB /* PlutoSwiftSDK.swift */; };
		E0BF05062D121DBA00AB3BFB /* BrowserView.swift in Sources */ = {isa = PBXBuildFile; fileRef = E0BF05042D121DBA00AB3BFB /* BrowserView.swift */; };
		E0BF05072D121DBA00AB3BFB /* Prover.swift in Sources */ = {isa = PBXBuildFile; fileRef = E0BF05022D121DBA00AB3BFB /* Prover.swift */; };
		E0BF050C2D12262700AB3BFB /* Enums.swift in Sources */ = {isa = PBXBuildFile; fileRef = E0BF050B2D12262700AB3BFB /* Enums.swift */; };
		E0BF050E2D12263500AB3BFB /* ManifestModels.swift in Sources */ = {isa = PBXBuildFile; fileRef = E0BF050D2D12263500AB3BFB /* ManifestModels.swift */; };
		E0BF05102D12265400AB3BFB /* ManifestParser.swift in Sources */ = {isa = PBXBuildFile; fileRef = E0BF050F2D12265400AB3BFB /* ManifestParser.swift */; };
/* End PBXBuildFile section */

/* Begin PBXContainerItemProxy section */
		E04E17982D122AA1006DBB0B /* PBXContainerItemProxy */ = {
			isa = PBXContainerItemProxy;
			containerPortal = E09694192D0CFA9C00A65712 /* Project object */;
			proxyType = 1;
			remoteGlobalIDString = E09694212D0CFA9C00A65712;
			remoteInfo = PlutoSwiftSDK;
		};
		E0BF04FF2D121CD500AB3BFB /* PBXContainerItemProxy */ = {
			isa = PBXContainerItemProxy;
			containerPortal = E09694192D0CFA9C00A65712 /* Project object */;
			proxyType = 1;
			remoteGlobalIDString = E09694212D0CFA9C00A65712;
			remoteInfo = PlutoSwiftSDK;
		};
/* End PBXContainerItemProxy section */

/* Begin PBXCopyFilesBuildPhase section */
		E0BF05012D121CD500AB3BFB /* Embed Frameworks */ = {
			isa = PBXCopyFilesBuildPhase;
			buildActionMask = 2147483647;
			dstPath = "";
			dstSubfolderSpec = 10;
			files = (
				E0BF04FE2D121CD500AB3BFB /* PlutoSwiftSDK.framework in Embed Frameworks */,
			);
			name = "Embed Frameworks";
			runOnlyForDeploymentPostprocessing = 0;
		};
/* End PBXCopyFilesBuildPhase section */

/* Begin PBXFileReference section */
		E041E3432D41A85300EF4588 /* BrowserProofView.swift */ = {isa = PBXFileReference; lastKnownFileType = sourcecode.swift; path = BrowserProofView.swift; sourceTree = "<group>"; };
		E041E3442D41A85300EF4588 /* PlutoButton.swift */ = {isa = PBXFileReference; lastKnownFileType = sourcecode.swift; path = PlutoButton.swift; sourceTree = "<group>"; };
		E041E3452D41A85300EF4588 /* ProofGeneratorView.swift */ = {isa = PBXFileReference; lastKnownFileType = sourcecode.swift; path = ProofGeneratorView.swift; sourceTree = "<group>"; };
		E041E3462D41A85300EF4588 /* SampleData.swift */ = {isa = PBXFileReference; lastKnownFileType = sourcecode.swift; path = SampleData.swift; sourceTree = "<group>"; };
		E048F6562D481E5500B96498 /* PlutoProver.xcframework */ = {isa = PBXFileReference; lastKnownFileType = wrapper.xcframework; path = PlutoProver.xcframework; sourceTree = "<group>"; };
		E04E178D2D122A3D006DBB0B /* ManifestParserTests.swift */ = {isa = PBXFileReference; lastKnownFileType = sourcecode.swift; path = ManifestParserTests.swift; sourceTree = "<group>"; };
		E04E17932D122AA1006DBB0B /* PlutoSwiftSDKTests.xctest */ = {isa = PBXFileReference; explicitFileType = wrapper.cfbundle; includeInIndex = 0; path = PlutoSwiftSDKTests.xctest; sourceTree = BUILT_PRODUCTS_DIR; };
		E04E17A02D12391E006DBB0B /* PlutoSwiftSDKTestPlan.xctestplan */ = {isa = PBXFileReference; lastKnownFileType = text; name = PlutoSwiftSDKTestPlan.xctestplan; path = ../PlutoSwiftSDKTestPlan.xctestplan; sourceTree = "<group>"; };
		E06A11022D35B47800AE0F57 /* PlutoSwiftSDK-Bridging-Header.h */ = {isa = PBXFileReference; lastKnownFileType = sourcecode.c.h; path = "PlutoSwiftSDK-Bridging-Header.h"; sourceTree = "<group>"; };
		E082C97F2D37253900564C89 /* Injector.swift */ = {isa = PBXFileReference; lastKnownFileType = sourcecode.swift; path = Injector.swift; sourceTree = "<group>"; };
		E082C9812D38465500564C89 /* RequestBuilder.swift */ = {isa = PBXFileReference; lastKnownFileType = sourcecode.swift; path = RequestBuilder.swift; sourceTree = "<group>"; };
		E09694222D0CFA9C00A65712 /* PlutoSwiftSDK.framework */ = {isa = PBXFileReference; explicitFileType = wrapper.framework; includeInIndex = 0; path = PlutoSwiftSDK.framework; sourceTree = BUILT_PRODUCTS_DIR; };
		E09694252D0CFA9C00A65712 /* PlutoSwiftSDK.h */ = {isa = PBXFileReference; lastKnownFileType = sourcecode.c.h; path = PlutoSwiftSDK.h; sourceTree = "<group>"; };
		E09694262D0CFA9C00A65712 /* PlutoSwiftSDK.docc */ = {isa = PBXFileReference; lastKnownFileType = folder.documentationcatalog; path = PlutoSwiftSDK.docc; sourceTree = "<group>"; };
		E0B618462D14B9CE00355AA4 /* ProverTests.swift */ = {isa = PBXFileReference; lastKnownFileType = sourcecode.swift; path = ProverTests.swift; sourceTree = "<group>"; };
		E0B618482D14C20200355AA4 /* PlutoSwiftSDKTests.swift */ = {isa = PBXFileReference; lastKnownFileType = sourcecode.swift; path = PlutoSwiftSDKTests.swift; sourceTree = "<group>"; };
		E0B6184A2D14C45100355AA4 /* ManifestTestFactory.swift */ = {isa = PBXFileReference; lastKnownFileType = sourcecode.swift; path = ManifestTestFactory.swift; sourceTree = "<group>"; };
		E0BF04E82D1217DA00AB3BFB /* PlutoSDKTestApp.app */ = {isa = PBXFileReference; explicitFileType = wrapper.application; includeInIndex = 0; path = PlutoSDKTestApp.app; sourceTree = BUILT_PRODUCTS_DIR; };
		E0BF04EA2D1217DA00AB3BFB /* AppDelegate.swift */ = {isa = PBXFileReference; lastKnownFileType = sourcecode.swift; path = AppDelegate.swift; sourceTree = "<group>"; };
		E0BF04EC2D1217DA00AB3BFB /* SceneDelegate.swift */ = {isa = PBXFileReference; lastKnownFileType = sourcecode.swift; path = SceneDelegate.swift; sourceTree = "<group>"; };
		E0BF04EE2D1217DA00AB3BFB /* ViewController.swift */ = {isa = PBXFileReference; lastKnownFileType = sourcecode.swift; path = ViewController.swift; sourceTree = "<group>"; };
		E0BF04F12D1217DA00AB3BFB /* Base */ = {isa = PBXFileReference; lastKnownFileType = file.storyboard; name = Base; path = Base.lproj/Main.storyboard; sourceTree = "<group>"; };
		E0BF04F32D1217DB00AB3BFB /* Assets.xcassets */ = {isa = PBXFileReference; lastKnownFileType = folder.assetcatalog; path = Assets.xcassets; sourceTree = "<group>"; };
		E0BF04F62D1217DB00AB3BFB /* Base */ = {isa = PBXFileReference; lastKnownFileType = file.storyboard; name = Base; path = Base.lproj/LaunchScreen.storyboard; sourceTree = "<group>"; };
		E0BF04F82D1217DB00AB3BFB /* Info.plist */ = {isa = PBXFileReference; lastKnownFileType = text.plist.xml; path = Info.plist; sourceTree = "<group>"; };
		E0BF05022D121DBA00AB3BFB /* Prover.swift */ = {isa = PBXFileReference; lastKnownFileType = sourcecode.swift; path = Prover.swift; sourceTree = "<group>"; };
		E0BF05032D121DBA00AB3BFB /* PlutoSwiftSDK.swift */ = {isa = PBXFileReference; lastKnownFileType = sourcecode.swift; path = PlutoSwiftSDK.swift; sourceTree = "<group>"; };
		E0BF05042D121DBA00AB3BFB /* BrowserView.swift */ = {isa = PBXFileReference; lastKnownFileType = sourcecode.swift; path = BrowserView.swift; sourceTree = "<group>"; };
		E0BF050B2D12262700AB3BFB /* Enums.swift */ = {isa = PBXFileReference; lastKnownFileType = sourcecode.swift; path = Enums.swift; sourceTree = "<group>"; };
		E0BF050D2D12263500AB3BFB /* ManifestModels.swift */ = {isa = PBXFileReference; lastKnownFileType = sourcecode.swift; path = ManifestModels.swift; sourceTree = "<group>"; };
		E0BF050F2D12265400AB3BFB /* ManifestParser.swift */ = {isa = PBXFileReference; lastKnownFileType = sourcecode.swift; path = ManifestParser.swift; sourceTree = "<group>"; };
/* End PBXFileReference section */

/* Begin PBXFrameworksBuildPhase section */
		E04E17902D122AA1006DBB0B /* Frameworks */ = {
			isa = PBXFrameworksBuildPhase;
			buildActionMask = 2147483647;
			files = (
				E04E17972D122AA1006DBB0B /* PlutoSwiftSDK.framework in Frameworks */,
			);
			runOnlyForDeploymentPostprocessing = 0;
		};
		E096941F2D0CFA9C00A65712 /* Frameworks */ = {
			isa = PBXFrameworksBuildPhase;
			buildActionMask = 2147483647;
			files = (
				E048F6572D481E5500B96498 /* PlutoProver.xcframework in Frameworks */,
			);
			runOnlyForDeploymentPostprocessing = 0;
		};
		E0BF04E52D1217DA00AB3BFB /* Frameworks */ = {
			isa = PBXFrameworksBuildPhase;
			buildActionMask = 2147483647;
			files = (
				E0BF04FD2D121CD500AB3BFB /* PlutoSwiftSDK.framework in Frameworks */,
			);
			runOnlyForDeploymentPostprocessing = 0;
		};
/* End PBXFrameworksBuildPhase section */

/* Begin PBXGroup section */
		E048F64D2D44668700B96498 /* Resources */ = {
			isa = PBXGroup;
			children = (
			);
			path = Resources;
			sourceTree = "<group>";
		};
		E04E178B2D1229F1006DBB0B /* Tests */ = {
			isa = PBXGroup;
			children = (
				E04E178C2D122A16006DBB0B /* PlutoSwiftSDKTests */,
			);
			path = Tests;
			sourceTree = "<group>";
		};
		E04E178C2D122A16006DBB0B /* PlutoSwiftSDKTests */ = {
			isa = PBXGroup;
			children = (
				E0B6184A2D14C45100355AA4 /* ManifestTestFactory.swift */,
				E04E178D2D122A3D006DBB0B /* ManifestParserTests.swift */,
				E0B618462D14B9CE00355AA4 /* ProverTests.swift */,
				E0B618482D14C20200355AA4 /* PlutoSwiftSDKTests.swift */,
			);
			path = PlutoSwiftSDKTests;
			sourceTree = "<group>";
		};
		E09694182D0CFA9C00A65712 = {
			isa = PBXGroup;
			children = (
				E04E17A02D12391E006DBB0B /* PlutoSwiftSDKTestPlan.xctestplan */,
				E04E178B2D1229F1006DBB0B /* Tests */,
				E0BF05092D1225CB00AB3BFB /* Sources */,
				E0BF04E92D1217DA00AB3BFB /* PlutoSDKTestApp */,
				E09694232D0CFA9C00A65712 /* Products */,
				E0BF04FC2D121CD500AB3BFB /* Frameworks */,
			);
			sourceTree = "<group>";
		};
		E09694232D0CFA9C00A65712 /* Products */ = {
			isa = PBXGroup;
			children = (
				E09694222D0CFA9C00A65712 /* PlutoSwiftSDK.framework */,
				E0BF04E82D1217DA00AB3BFB /* PlutoSDKTestApp.app */,
				E04E17932D122AA1006DBB0B /* PlutoSwiftSDKTests.xctest */,
			);
			name = Products;
			sourceTree = "<group>";
		};
		E09694242D0CFA9C00A65712 /* PlutoSwiftSDK */ = {
			isa = PBXGroup;
			children = (
				E0BF05042D121DBA00AB3BFB /* BrowserView.swift */,
				E0BF050B2D12262700AB3BFB /* Enums.swift */,
				E0BF050D2D12263500AB3BFB /* ManifestModels.swift */,
				E0BF050F2D12265400AB3BFB /* ManifestParser.swift */,
				E0BF05032D121DBA00AB3BFB /* PlutoSwiftSDK.swift */,
				E0BF05022D121DBA00AB3BFB /* Prover.swift */,
				E09694252D0CFA9C00A65712 /* PlutoSwiftSDK.h */,
				E09694262D0CFA9C00A65712 /* PlutoSwiftSDK.docc */,
				E06A11022D35B47800AE0F57 /* PlutoSwiftSDK-Bridging-Header.h */,
				E082C97F2D37253900564C89 /* Injector.swift */,
				E082C9812D38465500564C89 /* RequestBuilder.swift */,
			);
			path = PlutoSwiftSDK;
			sourceTree = "<group>";
		};
		E0BF04E92D1217DA00AB3BFB /* PlutoSDKTestApp */ = {
			isa = PBXGroup;
			children = (
				E041E3432D41A85300EF4588 /* BrowserProofView.swift */,
				E041E3442D41A85300EF4588 /* PlutoButton.swift */,
				E041E3452D41A85300EF4588 /* ProofGeneratorView.swift */,
				E041E3462D41A85300EF4588 /* SampleData.swift */,
				E0BF04EA2D1217DA00AB3BFB /* AppDelegate.swift */,
				E0BF04EC2D1217DA00AB3BFB /* SceneDelegate.swift */,
				E0BF04EE2D1217DA00AB3BFB /* ViewController.swift */,
				E0BF04F02D1217DA00AB3BFB /* Main.storyboard */,
				E0BF04F32D1217DB00AB3BFB /* Assets.xcassets */,
				E0BF04F52D1217DB00AB3BFB /* LaunchScreen.storyboard */,
				E0BF04F82D1217DB00AB3BFB /* Info.plist */,
			);
			path = PlutoSDKTestApp;
			sourceTree = "<group>";
		};
		E0BF04FC2D121CD500AB3BFB /* Frameworks */ = {
			isa = PBXGroup;
			children = (
				E048F6562D481E5500B96498 /* PlutoProver.xcframework */,
			);
			name = Frameworks;
			sourceTree = "<group>";
		};
		E0BF05092D1225CB00AB3BFB /* Sources */ = {
			isa = PBXGroup;
			children = (
				E048F64D2D44668700B96498 /* Resources */,
				E09694242D0CFA9C00A65712 /* PlutoSwiftSDK */,
			);
			path = Sources;
			sourceTree = "<group>";
		};
/* End PBXGroup section */

/* Begin PBXHeadersBuildPhase section */
		E096941D2D0CFA9C00A65712 /* Headers */ = {
			isa = PBXHeadersBuildPhase;
			buildActionMask = 2147483647;
			files = (
				E06A11032D35B47800AE0F57 /* PlutoSwiftSDK-Bridging-Header.h in Headers */,
				E09694332D0CFA9C00A65712 /* PlutoSwiftSDK.h in Headers */,
			);
			runOnlyForDeploymentPostprocessing = 0;
		};
/* End PBXHeadersBuildPhase section */

/* Begin PBXNativeTarget section */
		E04E17922D122AA1006DBB0B /* PlutoSwiftSDKTests */ = {
			isa = PBXNativeTarget;
			buildConfigurationList = E04E179A2D122AA1006DBB0B /* Build configuration list for PBXNativeTarget "PlutoSwiftSDKTests" */;
			buildPhases = (
				E04E178F2D122AA1006DBB0B /* Sources */,
				E04E17902D122AA1006DBB0B /* Frameworks */,
				E04E17912D122AA1006DBB0B /* Resources */,
			);
			buildRules = (
			);
			dependencies = (
				E04E17992D122AA1006DBB0B /* PBXTargetDependency */,
			);
			name = PlutoSwiftSDKTests;
			productName = PlutoSwiftSDKTests;
			productReference = E04E17932D122AA1006DBB0B /* PlutoSwiftSDKTests.xctest */;
			productType = "com.apple.product-type.bundle.unit-test";
		};
		E09694212D0CFA9C00A65712 /* PlutoSwiftSDK */ = {
			isa = PBXNativeTarget;
			buildConfigurationList = E09694362D0CFA9C00A65712 /* Build configuration list for PBXNativeTarget "PlutoSwiftSDK" */;
			buildPhases = (
				E096941D2D0CFA9C00A65712 /* Headers */,
				E096941E2D0CFA9C00A65712 /* Sources */,
				E096941F2D0CFA9C00A65712 /* Frameworks */,
				E09694202D0CFA9C00A65712 /* Resources */,
			);
			buildRules = (
			);
			dependencies = (
			);
			name = PlutoSwiftSDK;
			productName = "pluto-swift-sdk";
			productReference = E09694222D0CFA9C00A65712 /* PlutoSwiftSDK.framework */;
			productType = "com.apple.product-type.framework";
		};
		E0BF04E72D1217DA00AB3BFB /* PlutoSDKTestApp */ = {
			isa = PBXNativeTarget;
			buildConfigurationList = E0BF04FB2D1217DB00AB3BFB /* Build configuration list for PBXNativeTarget "PlutoSDKTestApp" */;
			buildPhases = (
				E0BF04E42D1217DA00AB3BFB /* Sources */,
				E0BF04E52D1217DA00AB3BFB /* Frameworks */,
				E0BF04E62D1217DA00AB3BFB /* Resources */,
				E0BF05012D121CD500AB3BFB /* Embed Frameworks */,
			);
			buildRules = (
			);
			dependencies = (
				E0BF05002D121CD500AB3BFB /* PBXTargetDependency */,
			);
			name = PlutoSDKTestApp;
			productName = PlutoSDKTestApp;
			productReference = E0BF04E82D1217DA00AB3BFB /* PlutoSDKTestApp.app */;
			productType = "com.apple.product-type.application";
		};
/* End PBXNativeTarget section */

/* Begin PBXProject section */
		E09694192D0CFA9C00A65712 /* Project object */ = {
			isa = PBXProject;
			attributes = {
				BuildIndependentTargetsInParallel = 1;
				LastSwiftUpdateCheck = 1520;
				LastUpgradeCheck = 1520;
				TargetAttributes = {
					E04E17922D122AA1006DBB0B = {
						CreatedOnToolsVersion = 15.2;
					};
					E09694212D0CFA9C00A65712 = {
						CreatedOnToolsVersion = 15.2;
					};
					E0BF04E72D1217DA00AB3BFB = {
						CreatedOnToolsVersion = 15.2;
					};
				};
			};
			buildConfigurationList = E096941C2D0CFA9C00A65712 /* Build configuration list for PBXProject "PlutoSwiftSDK" */;
			compatibilityVersion = "Xcode 14.0";
			developmentRegion = en;
			hasScannedForEncodings = 0;
			knownRegions = (
				en,
				Base,
			);
			mainGroup = E09694182D0CFA9C00A65712;
			productRefGroup = E09694232D0CFA9C00A65712 /* Products */;
			projectDirPath = "";
			projectRoot = "";
			targets = (
				E09694212D0CFA9C00A65712 /* PlutoSwiftSDK */,
				E0BF04E72D1217DA00AB3BFB /* PlutoSDKTestApp */,
				E04E17922D122AA1006DBB0B /* PlutoSwiftSDKTests */,
			);
		};
/* End PBXProject section */

/* Begin PBXResourcesBuildPhase section */
		E04E17912D122AA1006DBB0B /* Resources */ = {
			isa = PBXResourcesBuildPhase;
			buildActionMask = 2147483647;
			files = (
			);
			runOnlyForDeploymentPostprocessing = 0;
		};
		E09694202D0CFA9C00A65712 /* Resources */ = {
			isa = PBXResourcesBuildPhase;
			buildActionMask = 2147483647;
			files = (
			);
			runOnlyForDeploymentPostprocessing = 0;
		};
		E0BF04E62D1217DA00AB3BFB /* Resources */ = {
			isa = PBXResourcesBuildPhase;
			buildActionMask = 2147483647;
			files = (
				E0BF04F72D1217DB00AB3BFB /* LaunchScreen.storyboard in Resources */,
				E0BF04F42D1217DB00AB3BFB /* Assets.xcassets in Resources */,
				E0BF04F22D1217DA00AB3BFB /* Main.storyboard in Resources */,
			);
			runOnlyForDeploymentPostprocessing = 0;
		};
/* End PBXResourcesBuildPhase section */

/* Begin PBXSourcesBuildPhase section */
		E04E178F2D122AA1006DBB0B /* Sources */ = {
			isa = PBXSourcesBuildPhase;
			buildActionMask = 2147483647;
			files = (
				E04E179D2D122AB0006DBB0B /* ManifestParserTests.swift in Sources */,
				E0B618492D14C20200355AA4 /* PlutoSwiftSDKTests.swift in Sources */,
				E0B618472D14B9CE00355AA4 /* ProverTests.swift in Sources */,
				E0B6184B2D14C45100355AA4 /* ManifestTestFactory.swift in Sources */,
			);
			runOnlyForDeploymentPostprocessing = 0;
		};
		E096941E2D0CFA9C00A65712 /* Sources */ = {
			isa = PBXSourcesBuildPhase;
			buildActionMask = 2147483647;
			files = (
				E09694272D0CFA9C00A65712 /* PlutoSwiftSDK.docc in Sources */,
				E0BF05072D121DBA00AB3BFB /* Prover.swift in Sources */,
				E0BF050C2D12262700AB3BFB /* Enums.swift in Sources */,
				E082C9822D38465500564C89 /* RequestBuilder.swift in Sources */,
				E0BF05102D12265400AB3BFB /* ManifestParser.swift in Sources */,
				E0BF05052D121DBA00AB3BFB /* PlutoSwiftSDK.swift in Sources */,
				E0BF050E2D12263500AB3BFB /* ManifestModels.swift in Sources */,
				E0BF05062D121DBA00AB3BFB /* BrowserView.swift in Sources */,
				E082C9802D37253900564C89 /* Injector.swift in Sources */,
			);
			runOnlyForDeploymentPostprocessing = 0;
		};
		E0BF04E42D1217DA00AB3BFB /* Sources */ = {
			isa = PBXSourcesBuildPhase;
			buildActionMask = 2147483647;
			files = (
				E041E3472D41A85300EF4588 /* ProofGeneratorView.swift in Sources */,
				E041E3482D41A85300EF4588 /* PlutoButton.swift in Sources */,
				E041E3492D41A85300EF4588 /* SampleData.swift in Sources */,
				E041E34A2D41A85300EF4588 /* BrowserProofView.swift in Sources */,
				E0BF04EF2D1217DA00AB3BFB /* ViewController.swift in Sources */,
				E0BF04EB2D1217DA00AB3BFB /* AppDelegate.swift in Sources */,
				E0BF04ED2D1217DA00AB3BFB /* SceneDelegate.swift in Sources */,
			);
			runOnlyForDeploymentPostprocessing = 0;
		};
/* End PBXSourcesBuildPhase section */

/* Begin PBXTargetDependency section */
		E04E17992D122AA1006DBB0B /* PBXTargetDependency */ = {
			isa = PBXTargetDependency;
			target = E09694212D0CFA9C00A65712 /* PlutoSwiftSDK */;
			targetProxy = E04E17982D122AA1006DBB0B /* PBXContainerItemProxy */;
		};
		E0BF05002D121CD500AB3BFB /* PBXTargetDependency */ = {
			isa = PBXTargetDependency;
			target = E09694212D0CFA9C00A65712 /* PlutoSwiftSDK */;
			targetProxy = E0BF04FF2D121CD500AB3BFB /* PBXContainerItemProxy */;
		};
/* End PBXTargetDependency section */

/* Begin PBXVariantGroup section */
		E0BF04F02D1217DA00AB3BFB /* Main.storyboard */ = {
			isa = PBXVariantGroup;
			children = (
				E0BF04F12D1217DA00AB3BFB /* Base */,
			);
			name = Main.storyboard;
			sourceTree = "<group>";
		};
		E0BF04F52D1217DB00AB3BFB /* LaunchScreen.storyboard */ = {
			isa = PBXVariantGroup;
			children = (
				E0BF04F62D1217DB00AB3BFB /* Base */,
			);
			name = LaunchScreen.storyboard;
			sourceTree = "<group>";
		};
/* End PBXVariantGroup section */

/* Begin XCBuildConfiguration section */
		E04E179B2D122AA1006DBB0B /* Debug */ = {
			isa = XCBuildConfiguration;
			buildSettings = {
				CODE_SIGN_STYLE = Automatic;
				CURRENT_PROJECT_VERSION = 1;
				DEVELOPMENT_TEAM = 669AYKHVLZ;
				GENERATE_INFOPLIST_FILE = YES;
				MARKETING_VERSION = 1.0;
				PRODUCT_BUNDLE_IDENTIFIER = pluto.PlutoSwiftSDKTests;
				PRODUCT_NAME = "$(TARGET_NAME)";
				SWIFT_EMIT_LOC_STRINGS = NO;
				SWIFT_VERSION = 5.0;
				TARGETED_DEVICE_FAMILY = "1,2";
			};
			name = Debug;
		};
		E04E179C2D122AA1006DBB0B /* Release */ = {
			isa = XCBuildConfiguration;
			buildSettings = {
				CODE_SIGN_STYLE = Automatic;
				CURRENT_PROJECT_VERSION = 1;
				DEVELOPMENT_TEAM = 669AYKHVLZ;
				GENERATE_INFOPLIST_FILE = YES;
				MARKETING_VERSION = 1.0;
				PRODUCT_BUNDLE_IDENTIFIER = pluto.PlutoSwiftSDKTests;
				PRODUCT_NAME = "$(TARGET_NAME)";
				SWIFT_EMIT_LOC_STRINGS = NO;
				SWIFT_VERSION = 5.0;
				TARGETED_DEVICE_FAMILY = "1,2";
			};
			name = Release;
		};
		E09694342D0CFA9C00A65712 /* Debug */ = {
			isa = XCBuildConfiguration;
			buildSettings = {
				ALWAYS_SEARCH_USER_PATHS = NO;
				ASSETCATALOG_COMPILER_GENERATE_SWIFT_ASSET_SYMBOL_EXTENSIONS = YES;
				CLANG_ANALYZER_NONNULL = YES;
				CLANG_ANALYZER_NUMBER_OBJECT_CONVERSION = YES_AGGRESSIVE;
				CLANG_CXX_LANGUAGE_STANDARD = "gnu++20";
				CLANG_ENABLE_MODULES = YES;
				CLANG_ENABLE_OBJC_ARC = YES;
				CLANG_ENABLE_OBJC_WEAK = YES;
				CLANG_WARN_BLOCK_CAPTURE_AUTORELEASING = YES;
				CLANG_WARN_BOOL_CONVERSION = YES;
				CLANG_WARN_COMMA = YES;
				CLANG_WARN_CONSTANT_CONVERSION = YES;
				CLANG_WARN_DEPRECATED_OBJC_IMPLEMENTATIONS = YES;
				CLANG_WARN_DIRECT_OBJC_ISA_USAGE = YES_ERROR;
				CLANG_WARN_DOCUMENTATION_COMMENTS = YES;
				CLANG_WARN_EMPTY_BODY = YES;
				CLANG_WARN_ENUM_CONVERSION = YES;
				CLANG_WARN_INFINITE_RECURSION = YES;
				CLANG_WARN_INT_CONVERSION = YES;
				CLANG_WARN_NON_LITERAL_NULL_CONVERSION = YES;
				CLANG_WARN_OBJC_IMPLICIT_RETAIN_SELF = YES;
				CLANG_WARN_OBJC_LITERAL_CONVERSION = YES;
				CLANG_WARN_OBJC_ROOT_CLASS = YES_ERROR;
				CLANG_WARN_QUOTED_INCLUDE_IN_FRAMEWORK_HEADER = YES;
				CLANG_WARN_RANGE_LOOP_ANALYSIS = YES;
				CLANG_WARN_STRICT_PROTOTYPES = YES;
				CLANG_WARN_SUSPICIOUS_MOVE = YES;
				CLANG_WARN_UNGUARDED_AVAILABILITY = YES_AGGRESSIVE;
				CLANG_WARN_UNREACHABLE_CODE = YES;
				CLANG_WARN__DUPLICATE_METHOD_MATCH = YES;
				COPY_PHASE_STRIP = NO;
				CURRENT_PROJECT_VERSION = 1;
				DEBUG_INFORMATION_FORMAT = dwarf;
				DEFINES_MODULE = YES;
				ENABLE_STRICT_OBJC_MSGSEND = YES;
				ENABLE_TESTABILITY = YES;
				ENABLE_USER_SCRIPT_SANDBOXING = YES;
				GCC_C_LANGUAGE_STANDARD = gnu17;
				GCC_DYNAMIC_NO_PIC = NO;
				GCC_NO_COMMON_BLOCKS = YES;
				GCC_OPTIMIZATION_LEVEL = 0;
				GCC_PREPROCESSOR_DEFINITIONS = (
					"DEBUG=1",
					"$(inherited)",
				);
				GCC_WARN_64_TO_32_BIT_CONVERSION = YES;
				GCC_WARN_ABOUT_RETURN_TYPE = YES_ERROR;
				GCC_WARN_UNDECLARED_SELECTOR = YES;
				GCC_WARN_UNINITIALIZED_AUTOS = YES_AGGRESSIVE;
				GCC_WARN_UNUSED_FUNCTION = YES;
				GCC_WARN_UNUSED_VARIABLE = YES;
				HEADER_SEARCH_PATHS = "$(PROJECT_ROOT)/Sources/$(PROJECT_NAME)";
				IPHONEOS_DEPLOYMENT_TARGET = 17.2;
				LOCALIZATION_PREFERS_STRING_CATALOGS = YES;
				MTL_ENABLE_DEBUG_INFO = INCLUDE_SOURCE;
				MTL_FAST_MATH = YES;
				ONLY_ACTIVE_ARCH = YES;
				SDKROOT = iphoneos;
				SWIFT_ACTIVE_COMPILATION_CONDITIONS = "DEBUG $(inherited)";
				SWIFT_INCLUDE_PATHS = "$(PROJECT_PATH)/Sources/PlutoSwiftSDK";
				SWIFT_OPTIMIZATION_LEVEL = "-Onone";
				VERSIONING_SYSTEM = "apple-generic";
				VERSION_INFO_PREFIX = "";
			};
			name = Debug;
		};
		E09694352D0CFA9C00A65712 /* Release */ = {
			isa = XCBuildConfiguration;
			buildSettings = {
				ALWAYS_SEARCH_USER_PATHS = NO;
				ASSETCATALOG_COMPILER_GENERATE_SWIFT_ASSET_SYMBOL_EXTENSIONS = YES;
				CLANG_ANALYZER_NONNULL = YES;
				CLANG_ANALYZER_NUMBER_OBJECT_CONVERSION = YES_AGGRESSIVE;
				CLANG_CXX_LANGUAGE_STANDARD = "gnu++20";
				CLANG_ENABLE_MODULES = YES;
				CLANG_ENABLE_OBJC_ARC = YES;
				CLANG_ENABLE_OBJC_WEAK = YES;
				CLANG_WARN_BLOCK_CAPTURE_AUTORELEASING = YES;
				CLANG_WARN_BOOL_CONVERSION = YES;
				CLANG_WARN_COMMA = YES;
				CLANG_WARN_CONSTANT_CONVERSION = YES;
				CLANG_WARN_DEPRECATED_OBJC_IMPLEMENTATIONS = YES;
				CLANG_WARN_DIRECT_OBJC_ISA_USAGE = YES_ERROR;
				CLANG_WARN_DOCUMENTATION_COMMENTS = YES;
				CLANG_WARN_EMPTY_BODY = YES;
				CLANG_WARN_ENUM_CONVERSION = YES;
				CLANG_WARN_INFINITE_RECURSION = YES;
				CLANG_WARN_INT_CONVERSION = YES;
				CLANG_WARN_NON_LITERAL_NULL_CONVERSION = YES;
				CLANG_WARN_OBJC_IMPLICIT_RETAIN_SELF = YES;
				CLANG_WARN_OBJC_LITERAL_CONVERSION = YES;
				CLANG_WARN_OBJC_ROOT_CLASS = YES_ERROR;
				CLANG_WARN_QUOTED_INCLUDE_IN_FRAMEWORK_HEADER = YES;
				CLANG_WARN_RANGE_LOOP_ANALYSIS = YES;
				CLANG_WARN_STRICT_PROTOTYPES = YES;
				CLANG_WARN_SUSPICIOUS_MOVE = YES;
				CLANG_WARN_UNGUARDED_AVAILABILITY = YES_AGGRESSIVE;
				CLANG_WARN_UNREACHABLE_CODE = YES;
				CLANG_WARN__DUPLICATE_METHOD_MATCH = YES;
				COPY_PHASE_STRIP = NO;
				CURRENT_PROJECT_VERSION = 1;
				DEBUG_INFORMATION_FORMAT = "dwarf-with-dsym";
				DEFINES_MODULE = YES;
				ENABLE_NS_ASSERTIONS = NO;
				ENABLE_STRICT_OBJC_MSGSEND = YES;
				ENABLE_USER_SCRIPT_SANDBOXING = YES;
				GCC_C_LANGUAGE_STANDARD = gnu17;
				GCC_NO_COMMON_BLOCKS = YES;
				GCC_WARN_64_TO_32_BIT_CONVERSION = YES;
				GCC_WARN_ABOUT_RETURN_TYPE = YES_ERROR;
				GCC_WARN_UNDECLARED_SELECTOR = YES;
				GCC_WARN_UNINITIALIZED_AUTOS = YES_AGGRESSIVE;
				GCC_WARN_UNUSED_FUNCTION = YES;
				GCC_WARN_UNUSED_VARIABLE = YES;
				HEADER_SEARCH_PATHS = "$(PROJECT_ROOT)/Sources/$(PROJECT_NAME)";
				IPHONEOS_DEPLOYMENT_TARGET = 17.2;
				LOCALIZATION_PREFERS_STRING_CATALOGS = YES;
				MTL_ENABLE_DEBUG_INFO = NO;
				MTL_FAST_MATH = YES;
				SDKROOT = iphoneos;
				SWIFT_COMPILATION_MODE = wholemodule;
				SWIFT_INCLUDE_PATHS = "$(PROJECT_PATH)/Sources/PlutoSwiftSDK";
				VALIDATE_PRODUCT = YES;
				VERSIONING_SYSTEM = "apple-generic";
				VERSION_INFO_PREFIX = "";
			};
			name = Release;
		};
		E09694372D0CFA9C00A65712 /* Debug */ = {
			isa = XCBuildConfiguration;
			buildSettings = {
				CODE_SIGN_STYLE = Automatic;
				CURRENT_PROJECT_VERSION = 1;
				DEFINES_MODULE = YES;
				DEVELOPMENT_TEAM = 669AYKHVLZ;
				DYLIB_COMPATIBILITY_VERSION = 1;
				DYLIB_CURRENT_VERSION = 1;
				DYLIB_INSTALL_NAME_BASE = "@rpath";
				ENABLE_MODULE_VERIFIER = YES;
				FRAMEWORK_SEARCH_PATHS = (
					"$(inherited)",
					"$(PROJECT_DIR)",
					"$(PROJECT_DIR)/Sources/Resources",
				);
				GENERATE_INFOPLIST_FILE = YES;
				HEADER_SEARCH_PATHS = "$(PROJECT_DIR)/Sources/PlutoSwiftSDK/include";
				INFOPLIST_KEY_NSHumanReadableCopyright = "";
				INSTALL_PATH = "$(LOCAL_LIBRARY_DIR)/Frameworks";
				IPHONEOS_DEPLOYMENT_TARGET = 17.2;
				LD_RUNPATH_SEARCH_PATHS = (
					"$(inherited)",
					"@executable_path/Frameworks",
					"@loader_path/Frameworks",
				);
				LIBRARY_SEARCH_PATHS = (
					"$(inherited)",
					"$(PROJECT_DIR)/Sources/Resources",
				);
				MARKETING_VERSION = 1.0;
				MODULE_VERIFIER_SUPPORTED_LANGUAGES = "objective-c objective-c++";
				MODULE_VERIFIER_SUPPORTED_LANGUAGE_STANDARDS = "gnu17 gnu++20";
				OTHER_LDFLAGS = (
					"-lc++",
					"-lc++",
					"-lc++",
				);
				PRODUCT_BUNDLE_IDENTIFIER = "pluto.pluto-swift-sdk";
				PRODUCT_NAME = "$(TARGET_NAME:c99extidentifier)";
				SKIP_INSTALL = YES;
				SWIFT_EMIT_LOC_STRINGS = YES;
				SWIFT_INCLUDE_PATHS = "$(PROJECT_DIR)/Sources/PlutoSwiftSDK/include";
				SWIFT_VERSION = 5.0;
				TARGETED_DEVICE_FAMILY = "1,2";
			};
			name = Debug;
		};
		E09694382D0CFA9C00A65712 /* Release */ = {
			isa = XCBuildConfiguration;
			buildSettings = {
				CODE_SIGN_STYLE = Automatic;
				CURRENT_PROJECT_VERSION = 1;
				DEFINES_MODULE = YES;
				DEVELOPMENT_TEAM = 669AYKHVLZ;
				DYLIB_COMPATIBILITY_VERSION = 1;
				DYLIB_CURRENT_VERSION = 1;
				DYLIB_INSTALL_NAME_BASE = "@rpath";
				ENABLE_MODULE_VERIFIER = YES;
				FRAMEWORK_SEARCH_PATHS = (
					"$(inherited)",
					"$(PROJECT_DIR)",
					"$(PROJECT_DIR)/Sources/Resources",
				);
				GENERATE_INFOPLIST_FILE = YES;
				HEADER_SEARCH_PATHS = "$(PROJECT_DIR)/Sources/PlutoSwiftSDK/include";
				INFOPLIST_KEY_NSHumanReadableCopyright = "";
				INSTALL_PATH = "$(LOCAL_LIBRARY_DIR)/Frameworks";
				IPHONEOS_DEPLOYMENT_TARGET = 17.2;
				LD_RUNPATH_SEARCH_PATHS = (
					"$(inherited)",
					"@executable_path/Frameworks",
					"@loader_path/Frameworks",
				);
				LIBRARY_SEARCH_PATHS = (
					"$(inherited)",
					"$(PROJECT_DIR)/Sources/Resources",
				);
				MARKETING_VERSION = 1.0;
				MODULE_VERIFIER_SUPPORTED_LANGUAGES = "objective-c objective-c++";
				MODULE_VERIFIER_SUPPORTED_LANGUAGE_STANDARDS = "gnu17 gnu++20";
				OTHER_LDFLAGS = (
					"-lc++",
					"-lc++",
					"-lc++",
				);
				PRODUCT_BUNDLE_IDENTIFIER = "pluto.pluto-swift-sdk";
				PRODUCT_NAME = "$(TARGET_NAME:c99extidentifier)";
				SKIP_INSTALL = YES;
				SWIFT_EMIT_LOC_STRINGS = YES;
				SWIFT_INCLUDE_PATHS = "$(PROJECT_DIR)/Sources/PlutoSwiftSDK/include";
				SWIFT_VERSION = 5.0;
				TARGETED_DEVICE_FAMILY = "1,2";
			};
			name = Release;
		};
		E0BF04F92D1217DB00AB3BFB /* Debug */ = {
			isa = XCBuildConfiguration;
			buildSettings = {
				ALWAYS_EMBED_SWIFT_STANDARD_LIBRARIES = YES;
				ASSETCATALOG_COMPILER_APPICON_NAME = AppIcon;
				ASSETCATALOG_COMPILER_GLOBAL_ACCENT_COLOR_NAME = AccentColor;
				CODE_SIGN_STYLE = Automatic;
				CURRENT_PROJECT_VERSION = 1;
				DEVELOPMENT_TEAM = 669AYKHVLZ;
				GENERATE_INFOPLIST_FILE = YES;
				INFOPLIST_FILE = PlutoSDKTestApp/Info.plist;
				INFOPLIST_KEY_UIApplicationSupportsIndirectInputEvents = YES;
				INFOPLIST_KEY_UILaunchStoryboardName = LaunchScreen;
				INFOPLIST_KEY_UIMainStoryboardFile = Main;
				INFOPLIST_KEY_UISupportedInterfaceOrientations_iPad = "UIInterfaceOrientationPortrait UIInterfaceOrientationPortraitUpsideDown UIInterfaceOrientationLandscapeLeft UIInterfaceOrientationLandscapeRight";
				INFOPLIST_KEY_UISupportedInterfaceOrientations_iPhone = "UIInterfaceOrientationPortrait UIInterfaceOrientationLandscapeLeft UIInterfaceOrientationLandscapeRight";
				LD_RUNPATH_SEARCH_PATHS = (
					"$(inherited)",
					"@executable_path/Frameworks",
				);
				MARKETING_VERSION = 1.0;
				PRODUCT_BUNDLE_IDENTIFIER = pluto.PlutoSDKTestApp;
				PRODUCT_NAME = "$(TARGET_NAME)";
				SWIFT_EMIT_LOC_STRINGS = YES;
				SWIFT_VERSION = 5.0;
				TARGETED_DEVICE_FAMILY = "1,2";
			};
			name = Debug;
		};
		E0BF04FA2D1217DB00AB3BFB /* Release */ = {
			isa = XCBuildConfiguration;
			buildSettings = {
				ALWAYS_EMBED_SWIFT_STANDARD_LIBRARIES = YES;
				ASSETCATALOG_COMPILER_APPICON_NAME = AppIcon;
				ASSETCATALOG_COMPILER_GLOBAL_ACCENT_COLOR_NAME = AccentColor;
				CODE_SIGN_STYLE = Automatic;
				CURRENT_PROJECT_VERSION = 1;
				DEVELOPMENT_TEAM = 669AYKHVLZ;
				GENERATE_INFOPLIST_FILE = YES;
				INFOPLIST_FILE = PlutoSDKTestApp/Info.plist;
				INFOPLIST_KEY_UIApplicationSupportsIndirectInputEvents = YES;
				INFOPLIST_KEY_UILaunchStoryboardName = LaunchScreen;
				INFOPLIST_KEY_UIMainStoryboardFile = Main;
				INFOPLIST_KEY_UISupportedInterfaceOrientations_iPad = "UIInterfaceOrientationPortrait UIInterfaceOrientationPortraitUpsideDown UIInterfaceOrientationLandscapeLeft UIInterfaceOrientationLandscapeRight";
				INFOPLIST_KEY_UISupportedInterfaceOrientations_iPhone = "UIInterfaceOrientationPortrait UIInterfaceOrientationLandscapeLeft UIInterfaceOrientationLandscapeRight";
				LD_RUNPATH_SEARCH_PATHS = (
					"$(inherited)",
					"@executable_path/Frameworks",
				);
				MARKETING_VERSION = 1.0;
				PRODUCT_BUNDLE_IDENTIFIER = pluto.PlutoSDKTestApp;
				PRODUCT_NAME = "$(TARGET_NAME)";
				SWIFT_EMIT_LOC_STRINGS = YES;
				SWIFT_VERSION = 5.0;
				TARGETED_DEVICE_FAMILY = "1,2";
			};
			name = Release;
		};
/* End XCBuildConfiguration section */

/* Begin XCConfigurationList section */
		E04E179A2D122AA1006DBB0B /* Build configuration list for PBXNativeTarget "PlutoSwiftSDKTests" */ = {
			isa = XCConfigurationList;
			buildConfigurations = (
				E04E179B2D122AA1006DBB0B /* Debug */,
				E04E179C2D122AA1006DBB0B /* Release */,
			);
			defaultConfigurationIsVisible = 0;
			defaultConfigurationName = Release;
		};
		E096941C2D0CFA9C00A65712 /* Build configuration list for PBXProject "PlutoSwiftSDK" */ = {
			isa = XCConfigurationList;
			buildConfigurations = (
				E09694342D0CFA9C00A65712 /* Debug */,
				E09694352D0CFA9C00A65712 /* Release */,
			);
			defaultConfigurationIsVisible = 0;
			defaultConfigurationName = Release;
		};
		E09694362D0CFA9C00A65712 /* Build configuration list for PBXNativeTarget "PlutoSwiftSDK" */ = {
			isa = XCConfigurationList;
			buildConfigurations = (
				E09694372D0CFA9C00A65712 /* Debug */,
				E09694382D0CFA9C00A65712 /* Release */,
			);
			defaultConfigurationIsVisible = 0;
			defaultConfigurationName = Release;
		};
		E0BF04FB2D1217DB00AB3BFB /* Build configuration list for PBXNativeTarget "PlutoSDKTestApp" */ = {
			isa = XCConfigurationList;
			buildConfigurations = (
				E0BF04F92D1217DB00AB3BFB /* Debug */,
				E0BF04FA2D1217DB00AB3BFB /* Release */,
			);
			defaultConfigurationIsVisible = 0;
			defaultConfigurationName = Release;
		};
/* End XCConfigurationList section */
	};
	rootObject = E09694192D0CFA9C00A65712 /* Project object */;
}
